
Microsoft Visual Studio Solution File, Format Version 12.00
# Visual Studio Version 17
VisualStudioVersion = 17.4.33213.308
MinimumVisualStudioVersion = 10.0.40219.1
Project("{FAE04EC0-301F-11D3-BF4B-00C04F79EFBC}") = "Payment_Registration_Application", "Payment_Registration_Application.csproj", "{544D235C-BAB0-4407-8FF2-2B34D0D569DE}"
EndProject
Global
	GlobalSection(SolutionConfigurationPlatforms) = preSolution
		Debug|Any CPU = Debug|Any CPU
		Release|Any CPU = Release|Any CPU
	EndGlobalSection
	GlobalSection(ProjectConfigurationPlatforms) = postSolution
		{544D235C-BAB0-4407-8FF2-2B34D0D569DE}.Debug|Any CPU.ActiveCfg = Debug|Any CPU
		{544D235C-BAB0-4407-8FF2-2B34D0D569DE}.Debug|Any CPU.Build.0 = Debug|Any CPU
		{544D235C-BAB0-4407-8FF2-2B34D0D569DE}.Release|Any CPU.ActiveCfg = Release|Any CPU
		{544D235C-BAB0-4407-8FF2-2B34D0D569DE}.Release|Any CPU.Build.0 = Release|Any CPU
	EndGlobalSection
	GlobalSection(SolutionProperties) = preSolution
		HideSolutionNode = FALSE
	EndGlobalSection
	GlobalSection(ExtensibilityGlobals) = postSolution
		SolutionGuid = {48FE1727-54B2-45A0-9EA4-ECCB3FB77B8C}
	EndGlobalSection
EndGlobal
